
Microsoft Visual Studio Solution File, Format Version 12.00
# Visual Studio Version 17
VisualStudioVersion = 17.14.36623.8
MinimumVisualStudioVersion = 10.0.40219.1
Project("{FAE04EC0-301F-11D3-BF4B-00C04F79EFBC}") = "ScriptHaven", "ScriptHaven.csproj", "{69356031-AA3E-4EB5-9FC4-14C24C6CDE50}"
EndProject
Global
	GlobalSection(SolutionConfigurationPlatforms) = preSolution
		Debug|Any CPU = Debug|Any CPU
		Release|Any CPU = Release|Any CPU
	EndGlobalSection
	GlobalSection(ProjectConfigurationPlatforms) = postSolution
		{69356031-AA3E-4EB5-9FC4-14C24C6CDE50}.Debug|Any CPU.ActiveCfg = Debug|Any CPU
		{69356031-AA3E-4EB5-9FC4-14C24C6CDE50}.Debug|Any CPU.Build.0 = Debug|Any CPU
		{69356031-AA3E-4EB5-9FC4-14C24C6CDE50}.Release|Any CPU.ActiveCfg = Release|Any CPU
		{69356031-AA3E-4EB5-9FC4-14C24C6CDE50}.Release|Any CPU.Build.0 = Release|Any CPU
	EndGlobalSection
	GlobalSection(SolutionProperties) = preSolution
		HideSolutionNode = FALSE
	EndGlobalSection
	GlobalSection(ExtensibilityGlobals) = postSolution
		SolutionGuid = {0BDB5988-07F2-4F9F-B2E5-16DA4F48564C}
	EndGlobalSection
EndGlobal
